
Microsoft Visual Studio Solution File, Format Version 12.00
# Visual Studio Version 16
VisualStudioVersion = 16.0.30225.117
MinimumVisualStudioVersion = 10.0.40219.1
Project("{9A19103F-16F7-4668-BE54-9A1E7A4F7556}") = "AQS.Api.Reading", "AQS.Api.Reading\AQS.Api.Reading.csproj", "{FB0BCC11-132A-41E6-92D2-1785737D5D2C}"
EndProject
Project("{9A19103F-16F7-4668-BE54-9A1E7A4F7556}") = "AQS.Api.Reading.Domain", "AQS.Reading.Domain\AQS.Api.Reading.Domain.csproj", "{1EC120F8-A22D-47F0-82E3-A08AA30DA141}"
EndProject
Project("{9A19103F-16F7-4668-BE54-9A1E7A4F7556}") = "AQS.Api.Reading.DataAccess", "AQS.Api.Reading.DataAccess\AQS.Api.Reading.DataAccess.csproj", "{DEBEB7DB-E1F7-440F-BAFA-4EE8C52FB098}"
EndProject
Project("{9A19103F-16F7-4668-BE54-9A1E7A4F7556}") = "AQS.Api.Reading.Services", "AQS.Api.Reading.Services\AQS.Api.Reading.Services.csproj", "{7648D16A-1AB4-42B5-80DE-CD3F914C0F7E}"
EndProject
Project("{FAE04EC0-301F-11D3-BF4B-00C04F79EFBC}") = "TestWebApi", "TestWebApi\TestWebApi.csproj", "{ED1F1D2B-3214-432E-B02D-4055C772A72D}"
EndProject
Project("{FAE04EC0-301F-11D3-BF4B-00C04F79EFBC}") = "ConsoleApp1", "ConsoleApp1\ConsoleApp1.csproj", "{862953F7-7FFA-4DD1-A772-5773152523FA}"
EndProject
Project("{FAE04EC0-301F-11D3-BF4B-00C04F79EFBC}") = "Animals", "Animals\Animals.csproj", "{2A3DD6DF-F0A8-4D3B-AC9E-864208A41231}"
EndProject
Global
	GlobalSection(SolutionConfigurationPlatforms) = preSolution
		Debug|Any CPU = Debug|Any CPU
		Release|Any CPU = Release|Any CPU
	EndGlobalSection
	GlobalSection(ProjectConfigurationPlatforms) = postSolution
		{FB0BCC11-132A-41E6-92D2-1785737D5D2C}.Debug|Any CPU.ActiveCfg = Debug|Any CPU
		{FB0BCC11-132A-41E6-92D2-1785737D5D2C}.Debug|Any CPU.Build.0 = Debug|Any CPU
		{FB0BCC11-132A-41E6-92D2-1785737D5D2C}.Release|Any CPU.ActiveCfg = Release|Any CPU
		{FB0BCC11-132A-41E6-92D2-1785737D5D2C}.Release|Any CPU.Build.0 = Release|Any CPU
		{1EC120F8-A22D-47F0-82E3-A08AA30DA141}.Debug|Any CPU.ActiveCfg = Debug|Any CPU
		{1EC120F8-A22D-47F0-82E3-A08AA30DA141}.Debug|Any CPU.Build.0 = Debug|Any CPU
		{1EC120F8-A22D-47F0-82E3-A08AA30DA141}.Release|Any CPU.ActiveCfg = Release|Any CPU
		{1EC120F8-A22D-47F0-82E3-A08AA30DA141}.Release|Any CPU.Build.0 = Release|Any CPU
		{DEBEB7DB-E1F7-440F-BAFA-4EE8C52FB098}.Debug|Any CPU.ActiveCfg = Debug|Any CPU
		{DEBEB7DB-E1F7-440F-BAFA-4EE8C52FB098}.Debug|Any CPU.Build.0 = Debug|Any CPU
		{DEBEB7DB-E1F7-440F-BAFA-4EE8C52FB098}.Release|Any CPU.ActiveCfg = Release|Any CPU
		{DEBEB7DB-E1F7-440F-BAFA-4EE8C52FB098}.Release|Any CPU.Build.0 = Release|Any CPU
		{7648D16A-1AB4-42B5-80DE-CD3F914C0F7E}.Debug|Any CPU.ActiveCfg = Debug|Any CPU
		{7648D16A-1AB4-42B5-80DE-CD3F914C0F7E}.Debug|Any CPU.Build.0 = Debug|Any CPU
		{7648D16A-1AB4-42B5-80DE-CD3F914C0F7E}.Release|Any CPU.ActiveCfg = Release|Any CPU
		{7648D16A-1AB4-42B5-80DE-CD3F914C0F7E}.Release|Any CPU.Build.0 = Release|Any CPU
		{ED1F1D2B-3214-432E-B02D-4055C772A72D}.Debug|Any CPU.ActiveCfg = Debug|Any CPU
		{ED1F1D2B-3214-432E-B02D-4055C772A72D}.Debug|Any CPU.Build.0 = Debug|Any CPU
		{ED1F1D2B-3214-432E-B02D-4055C772A72D}.Release|Any CPU.ActiveCfg = Release|Any CPU
		{ED1F1D2B-3214-432E-B02D-4055C772A72D}.Release|Any CPU.Build.0 = Release|Any CPU
		{862953F7-7FFA-4DD1-A772-5773152523FA}.Debug|Any CPU.ActiveCfg = Debug|Any CPU
		{862953F7-7FFA-4DD1-A772-5773152523FA}.Debug|Any CPU.Build.0 = Debug|Any CPU
		{862953F7-7FFA-4DD1-A772-5773152523FA}.Release|Any CPU.ActiveCfg = Release|Any CPU
		{862953F7-7FFA-4DD1-A772-5773152523FA}.Release|Any CPU.Build.0 = Release|Any CPU
		{2A3DD6DF-F0A8-4D3B-AC9E-864208A41231}.Debug|Any CPU.ActiveCfg = Debug|Any CPU
		{2A3DD6DF-F0A8-4D3B-AC9E-864208A41231}.Debug|Any CPU.Build.0 = Debug|Any CPU
		{2A3DD6DF-F0A8-4D3B-AC9E-864208A41231}.Release|Any CPU.ActiveCfg = Release|Any CPU
		{2A3DD6DF-F0A8-4D3B-AC9E-864208A41231}.Release|Any CPU.Build.0 = Release|Any CPU
	EndGlobalSection
	GlobalSection(SolutionProperties) = preSolution
		HideSolutionNode = FALSE
	EndGlobalSection
	GlobalSection(ExtensibilityGlobals) = postSolution
		SolutionGuid = {E36E30CE-652B-4FE3-96F9-29A6583B9FE8}
	EndGlobalSection
EndGlobal
